
Microsoft Visual Studio Solution File, Format Version 12.00
# Visual Studio 15
VisualStudioVersion = 15.0.26730.3
MinimumVisualStudioVersion = 10.0.40219.1
Project("{FAE04EC0-301F-11D3-BF4B-00C04F79EFBC}") = "BackPackFlyWeight", "BackPackFlyWeight\BackPackFlyWeight.csproj", "{93990A4F-A691-4BA7-8CA8-93CD25CBE139}"
EndProject
Project("{FAE04EC0-301F-11D3-BF4B-00C04F79EFBC}") = "BackPackFlyWeightTest", "BackPackFlyWeightTest\BackPackFlyWeightTest.csproj", "{D3E27A3B-2066-4053-B276-DF3ACD392382}"
EndProject
Global
	GlobalSection(SolutionConfigurationPlatforms) = preSolution
		Debug|Any CPU = Debug|Any CPU
		Release|Any CPU = Release|Any CPU
	EndGlobalSection
	GlobalSection(ProjectConfigurationPlatforms) = postSolution
		{93990A4F-A691-4BA7-8CA8-93CD25CBE139}.Debug|Any CPU.ActiveCfg = Debug|Any CPU
		{93990A4F-A691-4BA7-8CA8-93CD25CBE139}.Debug|Any CPU.Build.0 = Debug|Any CPU
		{93990A4F-A691-4BA7-8CA8-93CD25CBE139}.Release|Any CPU.ActiveCfg = Release|Any CPU
		{93990A4F-A691-4BA7-8CA8-93CD25CBE139}.Release|Any CPU.Build.0 = Release|Any CPU
		{D3E27A3B-2066-4053-B276-DF3ACD392382}.Debug|Any CPU.ActiveCfg = Debug|Any CPU
		{D3E27A3B-2066-4053-B276-DF3ACD392382}.Debug|Any CPU.Build.0 = Debug|Any CPU
		{D3E27A3B-2066-4053-B276-DF3ACD392382}.Release|Any CPU.ActiveCfg = Release|Any CPU
		{D3E27A3B-2066-4053-B276-DF3ACD392382}.Release|Any CPU.Build.0 = Release|Any CPU
	EndGlobalSection
	GlobalSection(SolutionProperties) = preSolution
		HideSolutionNode = FALSE
	EndGlobalSection
	GlobalSection(ExtensibilityGlobals) = postSolution
		SolutionGuid = {13CC521C-2B64-46F3-B844-1AECE8CB66D2}
	EndGlobalSection
EndGlobal
